
Microsoft Visual Studio Solution File, Format Version 12.00
# Visual Studio 15
VisualStudioVersion = 15.0.33026.149
MinimumVisualStudioVersion = 10.0.40219.1
Project("{FAE04EC0-301F-11D3-BF4B-00C04F79EFBC}") = "task", "task\task.csproj", "{B81F902D-CFF1-4E2D-A4FB-00035BF5E9ED}"
EndProject
Global
	GlobalSection(SolutionConfigurationPlatforms) = preSolution
		Debug|Any CPU = Debug|Any CPU
		Release|Any CPU = Release|Any CPU
	EndGlobalSection
	GlobalSection(ProjectConfigurationPlatforms) = postSolution
		{B81F902D-CFF1-4E2D-A4FB-00035BF5E9ED}.Debug|Any CPU.ActiveCfg = Debug|Any CPU
		{B81F902D-CFF1-4E2D-A4FB-00035BF5E9ED}.Debug|Any CPU.Build.0 = Debug|Any CPU
		{B81F902D-CFF1-4E2D-A4FB-00035BF5E9ED}.Release|Any CPU.ActiveCfg = Release|Any CPU
		{B81F902D-CFF1-4E2D-A4FB-00035BF5E9ED}.Release|Any CPU.Build.0 = Release|Any CPU
	EndGlobalSection
	GlobalSection(SolutionProperties) = preSolution
		HideSolutionNode = FALSE
	EndGlobalSection
	GlobalSection(ExtensibilityGlobals) = postSolution
		SolutionGuid = {66D3B10A-BD6D-4972-AE3E-E3A42A69AA23}
	EndGlobalSection
EndGlobal
